
Microsoft Visual Studio Solution File, Format Version 12.00
# Visual Studio 15
Project("{2150E333-8FDC-42A3-9474-1A3956D46DE8}") = "Solution Items", "Solution Items", "{6E3C3D62-887A-408A-AD75-0944828ED737}"
EndProject
Project("{FAE04EC0-301F-11D3-BF4B-00C04F79EFBC}") = "MyFirstProject", "MyFirstProject\MyFirstProject.csproj", "{9F27F446-54DB-404D-A71E-1B5341EEFC15}"
EndProject
Global
	GlobalSection(SolutionConfigurationPlatforms) = preSolution
		Debug|Any CPU = Debug|Any CPU
		Release|Any CPU = Release|Any CPU
	EndGlobalSection
	GlobalSection(ProjectConfigurationPlatforms) = postSolution
		{9F27F446-54DB-404D-A71E-1B5341EEFC15}.Debug|Any CPU.ActiveCfg = Debug|Any CPU
		{9F27F446-54DB-404D-A71E-1B5341EEFC15}.Debug|Any CPU.Build.0 = Debug|Any CPU
		{9F27F446-54DB-404D-A71E-1B5341EEFC15}.Release|Any CPU.ActiveCfg = Release|Any CPU
		{9F27F446-54DB-404D-A71E-1B5341EEFC15}.Release|Any CPU.Build.0 = Release|Any CPU
	EndGlobalSection
EndGlobal
